
Microsoft Visual Studio Solution File, Format Version 12.00
# Visual Studio Version 17
VisualStudioVersion = 17.11.35222.181
MinimumVisualStudioVersion = 10.0.40219.1
Project("{2150E333-8FDC-42A3-9474-1A3956D46DE8}") = "Tests", "Tests", "{6CC02DF4-9EE0-4D04-80DD-AC407E667D1C}"
EndProject
Project("{9A19103F-16F7-4668-BE54-9A1E7A4F7556}") = "UnitTests", "tests\UnitTests\UnitTests.csproj", "{AD6DD970-B4E8-4CE8-8720-B6F2ADCE87BF}"
EndProject
Project("{9A19103F-16F7-4668-BE54-9A1E7A4F7556}") = "RefreshTokenAuthentication.API", "src\RefreshTokenAuthentication.API\RefreshTokenAuthentication.API.csproj", "{4F60A3ED-8E8E-4A74-9558-826FE9727439}"
EndProject
Project("{E53339B2-1760-4266-BCC7-CA923CBCF16C}") = "docker-compose", "docker-compose.dcproj", "{C8EA17F9-8092-45FF-BFB3-418D7E18C959}"
EndProject
Global
	GlobalSection(SolutionConfigurationPlatforms) = preSolution
		Debug|Any CPU = Debug|Any CPU
		Release|Any CPU = Release|Any CPU
	EndGlobalSection
	GlobalSection(ProjectConfigurationPlatforms) = postSolution
		{AD6DD970-B4E8-4CE8-8720-B6F2ADCE87BF}.Debug|Any CPU.ActiveCfg = Debug|Any CPU
		{AD6DD970-B4E8-4CE8-8720-B6F2ADCE87BF}.Debug|Any CPU.Build.0 = Debug|Any CPU
		{AD6DD970-B4E8-4CE8-8720-B6F2ADCE87BF}.Release|Any CPU.ActiveCfg = Release|Any CPU
		{AD6DD970-B4E8-4CE8-8720-B6F2ADCE87BF}.Release|Any CPU.Build.0 = Release|Any CPU
		{4F60A3ED-8E8E-4A74-9558-826FE9727439}.Debug|Any CPU.ActiveCfg = Debug|Any CPU
		{4F60A3ED-8E8E-4A74-9558-826FE9727439}.Debug|Any CPU.Build.0 = Debug|Any CPU
		{4F60A3ED-8E8E-4A74-9558-826FE9727439}.Release|Any CPU.ActiveCfg = Release|Any CPU
		{4F60A3ED-8E8E-4A74-9558-826FE9727439}.Release|Any CPU.Build.0 = Release|Any CPU
		{C8EA17F9-8092-45FF-BFB3-418D7E18C959}.Debug|Any CPU.ActiveCfg = Debug|Any CPU
		{C8EA17F9-8092-45FF-BFB3-418D7E18C959}.Debug|Any CPU.Build.0 = Debug|Any CPU
		{C8EA17F9-8092-45FF-BFB3-418D7E18C959}.Release|Any CPU.ActiveCfg = Release|Any CPU
		{C8EA17F9-8092-45FF-BFB3-418D7E18C959}.Release|Any CPU.Build.0 = Release|Any CPU
	EndGlobalSection
	GlobalSection(SolutionProperties) = preSolution
		HideSolutionNode = FALSE
	EndGlobalSection
	GlobalSection(NestedProjects) = preSolution
		{AD6DD970-B4E8-4CE8-8720-B6F2ADCE87BF} = {6CC02DF4-9EE0-4D04-80DD-AC407E667D1C}
	EndGlobalSection
	GlobalSection(ExtensibilityGlobals) = postSolution
		SolutionGuid = {052BF1FB-B6F9-4320-846D-4B5130EC2292}
	EndGlobalSection
EndGlobal
